# This file was autogenerated by Stack.
# You should not edit this file by hand.
# For more information, please see the documentation at:
#   https://docs.haskellstack.org/en/stable/lock_files

packages:
- completed:
    size: 2983
    url: https://github.com/snoyberg/yesod-gitrev/archive/5364cf7ffa6b49b46173a99a7f1b48de4f660170.tar.gz
    name: yesod-gitrev
    version: 0.2.1.0
    sha256: 427f1b2baec1635d3ba93e91eafcce2bb62a949e033d7a499db3257b8b90d2be
    pantry-tree:
      size: 589
      sha256: 4b60005fa7f5d869741999b9e7d947e8bb053dbfd053344b2203cdb881e22a05
  original:
    size: 2983
    url: https://github.com/snoyberg/yesod-gitrev/archive/5364cf7ffa6b49b46173a99a7f1b48de4f660170.tar.gz
    sha256: 427f1b2baec1635d3ba93e91eafcce2bb62a949e033d7a499db3257b8b90d2be
- completed:
    hackage: githash-0.1.0.1@sha256:fd8110389b1e4febf2bca0acfca6505130606233058a3cdab96bd66d7b359b84,1552
    pantry-tree:
      size: 550
      sha256: 38970977e4accf299ff872ee0c5114cadfb59dea5999cbb6fd32c7c2c8e17184
  original:
    hackage: githash-0.1.0.1@sha256:fd8110389b1e4febf2bca0acfca6505130606233058a3cdab96bd66d7b359b84,1552
- completed:
    hackage: yesod-auth-oauth2-0.6.1.0@sha256:8dcee69de8e2f61da5ce1007b585ba079de764815c449ae0a6df35540ebf3511,2859
    pantry-tree:
      size: 1690
      sha256: da3ab64775776418899b22fec1cbe64626e50dc279a4a1dee4ad70bc0334c1b6
  original:
    hackage: yesod-auth-oauth2-0.6.1.0@sha256:8dcee69de8e2f61da5ce1007b585ba079de764815c449ae0a6df35540ebf3511
- completed:
    hackage: hoauth2-1.8.3@sha256:32e1a6fcdc999d3eef522ee31c165805626e5c154aa828d603402767d02f2bc6,5751
    pantry-tree:
      size: 1986
      sha256: 0c3e939bfe712bfd5fec43bc5144af66b51b13758af83d55ceb3374a23b700e0
  original:
    hackage: hoauth2-1.8.3@sha256:32e1a6fcdc999d3eef522ee31c165805626e5c154aa828d603402767d02f2bc6
- completed:
    hackage: uri-bytestring-aeson-0.1.0.7@sha256:33d83caa4704f07112564b98cb4b2e7b87f3f185e2e520c8d3444b95967d11f3,1103
    pantry-tree:
      size: 330
      sha256: 86a5bafd2080c702b27216c9019283456df88f31a3fe1a97510a162f9f24c7c1
  original:
    hackage: uri-bytestring-aeson-0.1.0.7@sha256:33d83caa4704f07112564b98cb4b2e7b87f3f185e2e520c8d3444b95967d11f3
- completed:
    size: 3866
    url: https://github.com/snoyberg/yesod-form-richtext/archive/c1d76b3b1b690db1c5452926fc55d5f585ca49c1.tar.gz
    name: yesod-form-richtext
    version: 0.2.0.0
    sha256: f61b361243342af60f65581e987773a8eef8ef90958db1ff8961db1d236b7f03
    pantry-tree:
      size: 381
      sha256: d4f208391a91d81d3d34644c72f2d6aacd468fd46036c2c5d2084acfa7fd229e
  original:
    url: https://github.com/snoyberg/yesod-form-richtext/archive/c1d76b3b1b690db1c5452926fc55d5f585ca49c1.tar.gz
snapshots:
- completed:
    size: 503674
    url: https://raw.githubusercontent.com/commercialhaskell/stackage-snapshots/master/lts/12/10.yaml
    sha256: 3f6a3139a4fe86c154496156ba9bc45328debae508485f0e314609eb9cc7e467
  original: lts-12.10
